// !$*UTF8*$!
{
	archiveVersion = 1;
	classes = {
	};
	objectVersion = 50;
	objects = {

/* Begin PBXBuildFile section */
		BCB0DB91264EC0AB0083D727 /* AppDelegate.swift in Sources */ = {isa = PBXBuildFile; fileRef = BCB0DB90264EC0AB0083D727 /* AppDelegate.swift */; };
		BCB0DB93264EC0AB0083D727 /* SceneDelegate.swift in Sources */ = {isa = PBXBuildFile; fileRef = BCB0DB92264EC0AB0083D727 /* SceneDelegate.swift */; };
		BCB0DB95264EC0AB0083D727 /* ContentView.swift in Sources */ = {isa = PBXBuildFile; fileRef = BCB0DB94264EC0AB0083D727 /* ContentView.swift */; };
		BCB0DB97264EC0AF0083D727 /* Assets.xcassets in Resources */ = {isa = PBXBuildFile; fileRef = BCB0DB96264EC0AF0083D727 /* Assets.xcassets */; };
		BCB0DB9A264EC0AF0083D727 /* Preview Assets.xcassets in Resources */ = {isa = PBXBuildFile; fileRef = BCB0DB99264EC0AF0083D727 /* Preview Assets.xcassets */; };
		BCB0DB9D264EC0AF0083D727 /* LaunchScreen.storyboard in Resources */ = {isa = PBXBuildFile; fileRef = BCB0DB9B264EC0AF0083D727 /* LaunchScreen.storyboard */; };
/* End PBXBuildFile section */

/* Begin PBXFileReference section */
		BCB0DB8D264EC0AB0083D727 /* MYSwiftUI.app */ = {isa = PBXFileReference; explicitFileType = wrapper.application; includeInIndex = 0; path = MYSwiftUI.app; sourceTree = BUILT_PRODUCTS_DIR; };
		BCB0DB90264EC0AB0083D727 /* AppDelegate.swift */ = {isa = PBXFileReference; lastKnownFileType = sourcecode.swift; path = AppDelegate.swift; sourceTree = "<group>"; };
		BCB0DB92264EC0AB0083D727 /* SceneDelegate.swift */ = {isa = PBXFileReference; lastKnownFileType = sourcecode.swift; path = SceneDelegate.swift; sourceTree = "<group>"; };
		BCB0DB94264EC0AB0083D727 /* ContentView.swift */ = {isa = PBXFileReference; lastKnownFileType = sourcecode.swift; path = ContentView.swift; sourceTree = "<group>"; };
		BCB0DB96264EC0AF0083D727 /* Assets.xcassets */ = {isa = PBXFileReference; lastKnownFileType = folder.assetcatalog; path = Assets.xcassets; sourceTree = "<group>"; };
		BCB0DB99264EC0AF0083D727 /* Preview Assets.xcassets */ = {isa = PBXFileReference; lastKnownFileType = folder.assetcatalog; path = "Preview Assets.xcassets"; sourceTree = "<group>"; };
		BCB0DB9C264EC0AF0083D727 /* Base */ = {isa = PBXFileReference; lastKnownFileType = file.storyboard; name = Base; path = Base.lproj/LaunchScreen.storyboard; sourceTree = "<group>"; };
		BCB0DB9E264EC0AF0083D727 /* Info.plist */ = {isa = PBXFileReference; lastKnownFileType = text.plist.xml; path = Info.plist; sourceTree = "<group>"; };
/* End PBXFileReference section */

/* Begin PBXFrameworksBuildPhase section */
		BCB0DB8A264EC0AB0083D727 /* Frameworks */ = {
			isa = PBXFrameworksBuildPhase;
			buildActionMask = 2147483647;
			files = (
			);
			runOnlyForDeploymentPostprocessing = 0;
		};
/* End PBXFrameworksBuildPhase section */

/* Begin PBXGroup section */
		BCB0DB84264EC0AB0083D727 = {
			isa = PBXGroup;
			children = (
				BCB0DB8F264EC0AB0083D727 /* MYSwiftUI */,
				BCB0DB8E264EC0AB0083D727 /* Products */,
			);
			sourceTree = "<group>";
		};
		BCB0DB8E264EC0AB0083D727 /* Products */ = {
			isa = PBXGroup;
			children = (
				BCB0DB8D264EC0AB0083D727 /* MYSwiftUI.app */,
			);
			name = Products;
			sourceTree = "<group>";
		};
		BCB0DB8F264EC0AB0083D727 /* MYSwiftUI */ = {
			isa = PBXGroup;
			children = (
				BCB0DB90264EC0AB0083D727 /* AppDelegate.swift */,
				BCB0DB92264EC0AB0083D727 /* SceneDelegate.swift */,
				BCB0DB94264EC0AB0083D727 /* ContentView.swift */,
				BCB0DB96264EC0AF0083D727 /* Assets.xcassets */,
				BCB0DB9B264EC0AF0083D727 /* LaunchScreen.storyboard */,
				BCB0DB9E264EC0AF0083D727 /* Info.plist */,
				BCB0DB98264EC0AF0083D727 /* Preview Content */,
			);
			path = MYSwiftUI;
			sourceTree = "<group>";
		};
		BCB0DB98264EC0AF0083D727 /* Preview Content */ = {
			isa = PBXGroup;
			children = (
				BCB0DB99264EC0AF0083D727 /* Preview Assets.xcassets */,
			);
			path = "Preview Content";
			sourceTree = "<group>";
		};
/* End PBXGroup section */

/* Begin PBXNativeTarget section */
		BCB0DB8C264EC0AB0083D727 /* MYSwiftUI */ = {
			isa = PBXNativeTarget;
			buildConfigurationList = BCB0DBA1264EC0AF0083D727 /* Build configuration list for PBXNativeTarget "MYSwiftUI" */;
			buildPhases = (
				BCB0DB89264EC0AB0083D727 /* Sources */,
				BCB0DB8A264EC0AB0083D727 /* Frameworks */,
				BCB0DB8B264EC0AB0083D727 /* Resources */,
			);
			buildRules = (
			);
			dependencies = (
			);
			name = MYSwiftUI;
			productName = MYSwiftUI;
			productReference = BCB0DB8D264EC0AB0083D727 /* MYSwiftUI.app */;
			productType = "com.apple.product-type.application";
		};
/* End PBXNativeTarget section */

/* Begin PBXProject section */
		BCB0DB85264EC0AB0083D727 /* Project object */ = {
			isa = PBXProject;
			attributes = {
				LastSwiftUpdateCheck = 1100;
				LastUpgradeCheck = 1100;
				ORGANIZATIONNAME = "Monique Shaqiri";
				TargetAttributes = {
					BCB0DB8C264EC0AB0083D727 = {
						CreatedOnToolsVersion = 11.0;
					};
				};
			};
			buildConfigurationList = BCB0DB88264EC0AB0083D727 /* Build configuration list for PBXProject "MYSwiftUI" */;
			compatibilityVersion = "Xcode 9.3";
			developmentRegion = en;
			hasScannedForEncodings = 0;
			knownRegions = (
				en,
				Base,
			);
			mainGroup = BCB0DB84264EC0AB0083D727;
			productRefGroup = BCB0DB8E264EC0AB0083D727 /* Products */;
			projectDirPath = "";
			projectRoot = "";
			targets = (
				BCB0DB8C264EC0AB0083D727 /* MYSwiftUI */,
			);
		};
/* End PBXProject section */

/* Begin PBXResourcesBuildPhase section */
		BCB0DB8B264EC0AB0083D727 /* Resources */ = {
			isa = PBXResourcesBuildPhase;
			buildActionMask = 2147483647;
			files = (
				BCB0DB9D264EC0AF0083D727 /* LaunchScreen.storyboard in Resources */,
				BCB0DB9A264EC0AF0083D727 /* Preview Assets.xcassets in Resources */,
				BCB0DB97264EC0AF0083D727 /* Assets.xcassets in Resources */,
			);
			runOnlyForDeploymentPostprocessing = 0;
		};
/* End PBXResourcesBuildPhase section */

/* Begin PBXSourcesBuildPhase section */
		BCB0DB89264EC0AB0083D727 /* Sources */ = {
			isa = PBXSourcesBuildPhase;
			buildActionMask = 2147483647;
			files = (
				BCB0DB91264EC0AB0083D727 /* AppDelegate.swift in Sources */,
				BCB0DB93264EC0AB0083D727 /* SceneDelegate.swift in Sources */,
				BCB0DB95264EC0AB0083D727 /* ContentView.swift in Sources */,
			);
			runOnlyForDeploymentPostprocessing = 0;
		};
/* End PBXSourcesBuildPhase section */

/* Begin PBXVariantGroup section */
		BCB0DB9B264EC0AF0083D727 /* LaunchScreen.storyboard */ = {
			isa = PBXVariantGroup;
			children = (
				BCB0DB9C264EC0AF0083D727 /* Base */,
			);
			name = LaunchScreen.storyboard;
			sourceTree = "<group>";
		};
/* End PBXVariantGroup section */

/* Begin XCBuildConfiguration section */
		BCB0DB9F264EC0AF0083D727 /* Debug */ = {
			isa = XCBuildConfiguration;
			buildSettings = {
				ALWAYS_SEARCH_USER_PATHS = NO;
				CLANG_ANALYZER_NONNULL = YES;
				CLANG_ANALYZER_NUMBER_OBJECT_CONVERSION = YES_AGGRESSIVE;
				CLANG_CXX_LANGUAGE_STANDARD = "gnu++14";
				CLANG_CXX_LIBRARY = "libc++";
				CLANG_ENABLE_MODULES = YES;
				CLANG_ENABLE_OBJC_ARC = YES;
				CLANG_ENABLE_OBJC_WEAK = YES;
				CLANG_WARN_BLOCK_CAPTURE_AUTORELEASING = YES;
				CLANG_WARN_BOOL_CONVERSION = YES;
				CLANG_WARN_COMMA = YES;
				CLANG_WARN_CONSTANT_CONVERSION = YES;
				CLANG_WARN_DEPRECATED_OBJC_IMPLEMENTATIONS = YES;
				CLANG_WARN_DIRECT_OBJC_ISA_USAGE = YES_ERROR;
				CLANG_WARN_DOCUMENTATION_COMMENTS = YES;
				CLANG_WARN_EMPTY_BODY = YES;
				CLANG_WARN_ENUM_CONVERSION = YES;
				CLANG_WARN_INFINITE_RECURSION = YES;
				CLANG_WARN_INT_CONVERSION = YES;
				CLANG_WARN_NON_LITERAL_NULL_CONVERSION = YES;
				CLANG_WARN_OBJC_IMPLICIT_RETAIN_SELF = YES;
				CLANG_WARN_OBJC_LITERAL_CONVERSION = YES;
				CLANG_WARN_OBJC_ROOT_CLASS = YES_ERROR;
				CLANG_WARN_RANGE_LOOP_ANALYSIS = YES;
				CLANG_WARN_STRICT_PROTOTYPES = YES;
				CLANG_WARN_SUSPICIOUS_MOVE = YES;
				CLANG_WARN_UNGUARDED_AVAILABILITY = YES_AGGRESSIVE;
				CLANG_WARN_UNREACHABLE_CODE = YES;
				CLANG_WARN__DUPLICATE_METHOD_MATCH = YES;
				COPY_PHASE_STRIP = NO;
				DEBUG_INFORMATION_FORMAT = dwarf;
				ENABLE_STRICT_OBJC_MSGSEND = YES;
				ENABLE_TESTABILITY = YES;
				GCC_C_LANGUAGE_STANDARD = gnu11;
				GCC_DYNAMIC_NO_PIC = NO;
				GCC_NO_COMMON_BLOCKS = YES;
				GCC_OPTIMIZATION_LEVEL = 0;
				GCC_PREPROCESSOR_DEFINITIONS = (
					"DEBUG=1",
					"$(inherited)",
				);
				GCC_WARN_64_TO_32_BIT_CONVERSION = YES;
				GCC_WARN_ABOUT_RETURN_TYPE = YES_ERROR;
				GCC_WARN_UNDECLARED_SELECTOR = YES;
				GCC_WARN_UNINITIALIZED_AUTOS = YES_AGGRESSIVE;
				GCC_WARN_UNUSED_FUNCTION = YES;
				GCC_WARN_UNUSED_VARIABLE = YES;
				IPHONEOS_DEPLOYMENT_TARGET = 13.0;
				MTL_ENABLE_DEBUG_INFO = INCLUDE_SOURCE;
				MTL_FAST_MATH = YES;
				ONLY_ACTIVE_ARCH = YES;
				SDKROOT = iphoneos;
				SWIFT_ACTIVE_COMPILATION_CONDITIONS = DEBUG;
				SWIFT_OPTIMIZATION_LEVEL = "-Onone";
			};
			name = Debug;
		};
		BCB0DBA0264EC0AF0083D727 /* Release */ = {
			isa = XCBuildConfiguration;
			buildSettings = {
				ALWAYS_SEARCH_USER_PATHS = NO;
				CLANG_ANALYZER_NONNULL = YES;
				CLANG_ANALYZER_NUMBER_OBJECT_CONVERSION = YES_AGGRESSIVE;
				CLANG_CXX_LANGUAGE_STANDARD = "gnu++14";
				CLANG_CXX_LIBRARY = "libc++";
				CLANG_ENABLE_MODULES = YES;
				CLANG_ENABLE_OBJC_ARC = YES;
				CLANG_ENABLE_OBJC_WEAK = YES;
				CLANG_WARN_BLOCK_CAPTURE_AUTORELEASING = YES;
				CLANG_WARN_BOOL_CONVERSION = YES;
				CLANG_WARN_COMMA = YES;
				CLANG_WARN_CONSTANT_CONVERSION = YES;
				CLANG_WARN_DEPRECATED_OBJC_IMPLEMENTATIONS = YES;
				CLANG_WARN_DIRECT_OBJC_ISA_USAGE = YES_ERROR;
				CLANG_WARN_DOCUMENTATION_COMMENTS = YES;
				CLANG_WARN_EMPTY_BODY = YES;
				CLANG_WARN_ENUM_CONVERSION = YES;
				CLANG_WARN_INFINITE_RECURSION = YES;
				CLANG_WARN_INT_CONVERSION = YES;
				CLANG_WARN_NON_LITERAL_NULL_CONVERSION = YES;
				CLANG_WARN_OBJC_IMPLICIT_RETAIN_SELF = YES;
				CLANG_WARN_OBJC_LITERAL_CONVERSION = YES;
				CLANG_WARN_OBJC_ROOT_CLASS = YES_ERROR;
				CLANG_WARN_RANGE_LOOP_ANALYSIS = YES;
				CLANG_WARN_STRICT_PROTOTYPES = YES;
				CLANG_WARN_SUSPICIOUS_MOVE = YES;
				CLANG_WARN_UNGUARDED_AVAILABILITY = YES_AGGRESSIVE;
				CLANG_WARN_UNREACHABLE_CODE = YES;
				CLANG_WARN__DUPLICATE_METHOD_MATCH = YES;
				COPY_PHASE_STRIP = NO;
				DEBUG_INFORMATION_FORMAT = "dwarf-with-dsym";
				ENABLE_NS_ASSERTIONS = NO;
				ENABLE_STRICT_OBJC_MSGSEND = YES;
				GCC_C_LANGUAGE_STANDARD = gnu11;
				GCC_NO_COMMON_BLOCKS = YES;
				GCC_WARN_64_TO_32_BIT_CONVERSION = YES;
				GCC_WARN_ABOUT_RETURN_TYPE = YES_ERROR;
				GCC_WARN_UNDECLARED_SELECTOR = YES;
				GCC_WARN_UNINITIALIZED_AUTOS = YES_AGGRESSIVE;
				GCC_WARN_UNUSED_FUNCTION = YES;
				GCC_WARN_UNUSED_VARIABLE = YES;
				IPHONEOS_DEPLOYMENT_TARGET = 13.0;
				MTL_ENABLE_DEBUG_INFO = NO;
				MTL_FAST_MATH = YES;
				SDKROOT = iphoneos;
				SWIFT_COMPILATION_MODE = wholemodule;
				SWIFT_OPTIMIZATION_LEVEL = "-O";
				VALIDATE_PRODUCT = YES;
			};
			name = Release;
		};
		BCB0DBA2264EC0AF0083D727 /* Debug */ = {
			isa = XCBuildConfiguration;
			buildSettings = {
				ASSETCATALOG_COMPILER_APPICON_NAME = AppIcon;
				CODE_SIGN_STYLE = Automatic;
				DEVELOPMENT_ASSET_PATHS = "\"MYSwiftUI/Preview Content\"";
				DEVELOPMENT_TEAM = PJBAA344QW;
				ENABLE_PREVIEWS = YES;
				INFOPLIST_FILE = MYSwiftUI/Info.plist;
				LD_RUNPATH_SEARCH_PATHS = (
					"$(inherited)",
					"@executable_path/Frameworks",
				);
				PRODUCT_BUNDLE_IDENTIFIER = "com.Softwareengineering-S.MYSwiftUI";
				PRODUCT_NAME = "$(TARGET_NAME)";
				SWIFT_VERSION = 5.0;
				TARGETED_DEVICE_FAMILY = "1,2";
			};
			name = Debug;
		};
		BCB0DBA3264EC0AF0083D727 /* Release */ = {
			isa = XCBuildConfiguration;
			buildSettings = {
				ASSETCATALOG_COMPILER_APPICON_NAME = AppIcon;
				CODE_SIGN_STYLE = Automatic;
				DEVELOPMENT_ASSET_PATHS = "\"MYSwiftUI/Preview Content\"";
				DEVELOPMENT_TEAM = PJBAA344QW;
				ENABLE_PREVIEWS = YES;
				INFOPLIST_FILE = MYSwiftUI/Info.plist;
				LD_RUNPATH_SEARCH_PATHS = (
					"$(inherited)",
					"@executable_path/Frameworks",
				);
				PRODUCT_BUNDLE_IDENTIFIER = "com.Softwareengineering-S.MYSwiftUI";
				PRODUCT_NAME = "$(TARGET_NAME)";
				SWIFT_VERSION = 5.0;
				TARGETED_DEVICE_FAMILY = "1,2";
			};
			name = Release;
		};
/* End XCBuildConfiguration section */

/* Begin XCConfigurationList section */
		BCB0DB88264EC0AB0083D727 /* Build configuration list for PBXProject "MYSwiftUI" */ = {
			isa = XCConfigurationList;
			buildConfigurations = (
				BCB0DB9F264EC0AF0083D727 /* Debug */,
				BCB0DBA0264EC0AF0083D727 /* Release */,
			);
			defaultConfigurationIsVisible = 0;
			defaultConfigurationName = Release;
		};
		BCB0DBA1264EC0AF0083D727 /* Build configuration list for PBXNativeTarget "MYSwiftUI" */ = {
			isa = XCConfigurationList;
			buildConfigurations = (
				BCB0DBA2264EC0AF0083D727 /* Debug */,
				BCB0DBA3264EC0AF0083D727 /* Release */,
			);
			defaultConfigurationIsVisible = 0;
			defaultConfigurationName = Release;
		};
/* End XCConfigurationList section */
	};
	rootObject = BCB0DB85264EC0AB0083D727 /* Project object */;
}
